// !$*UTF8*$!
{
	archiveVersion = 1;
	classes = {
	};
	objectVersion = 46;
	objects = {

/* Begin PBXBuildFile section */
		1788D5311BAEF569007A716A /* main.m in Sources */ = {isa = PBXBuildFile; fileRef = 1788D5301BAEF569007A716A /* main.m */; };
		1788D5341BAEF569007A716A /* AppDelegate.m in Sources */ = {isa = PBXBuildFile; fileRef = 1788D5331BAEF569007A716A /* AppDelegate.m */; };
		1788D5371BAEF569007A716A /* ViewController.m in Sources */ = {isa = PBXBuildFile; fileRef = 1788D5361BAEF569007A716A /* ViewController.m */; };
		1788D53A1BAEF569007A716A /* Main.storyboard in Resources */ = {isa = PBXBuildFile; fileRef = 1788D5381BAEF569007A716A /* Main.storyboard */; };
		1788D53C1BAEF569007A716A /* Images.xcassets in Resources */ = {isa = PBXBuildFile; fileRef = 1788D53B1BAEF569007A716A /* Images.xcassets */; };
		1788D53F1BAEF569007A716A /* LaunchScreen.xib in Resources */ = {isa = PBXBuildFile; fileRef = 1788D53D1BAEF569007A716A /* LaunchScreen.xib */; };
		1788D54B1BAEF569007A716A /* ColorModelTests.m in Sources */ = {isa = PBXBuildFile; fileRef = 1788D54A1BAEF569007A716A /* ColorModelTests.m */; };
		1788D5561BAEF5D8007A716A /* Color.m in Sources */ = {isa = PBXBuildFile; fileRef = 1788D5551BAEF5D8007A716A /* Color.m */; };
		1788D5591BAF34AE007A716A /* ColorView.m in Sources */ = {isa = PBXBuildFile; fileRef = 1788D5581BAF34AE007A716A /* ColorView.m */; };
/* End PBXBuildFile section */

/* Begin PBXContainerItemProxy section */
		1788D5451BAEF569007A716A /* PBXContainerItemProxy */ = {
			isa = PBXContainerItemProxy;
			containerPortal = 1788D5231BAEF569007A716A /* Project object */;
			proxyType = 1;
			remoteGlobalIDString = 1788D52A1BAEF569007A716A;
			remoteInfo = ColorModel;
		};
/* End PBXContainerItemProxy section */

/* Begin PBXFileReference section */
		1788D52B1BAEF569007A716A /* ColorModel.app */ = {isa = PBXFileReference; explicitFileType = wrapper.application; includeInIndex = 0; path = ColorModel.app; sourceTree = BUILT_PRODUCTS_DIR; };
		1788D52F1BAEF569007A716A /* Info.plist */ = {isa = PBXFileReference; lastKnownFileType = text.plist.xml; path = Info.plist; sourceTree = "<group>"; };
		1788D5301BAEF569007A716A /* main.m */ = {isa = PBXFileReference; lastKnownFileType = sourcecode.c.objc; path = main.m; sourceTree = "<group>"; };
		1788D5321BAEF569007A716A /* AppDelegate.h */ = {isa = PBXFileReference; lastKnownFileType = sourcecode.c.h; path = AppDelegate.h; sourceTree = "<group>"; };
		1788D5331BAEF569007A716A /* AppDelegate.m */ = {isa = PBXFileReference; lastKnownFileType = sourcecode.c.objc; path = AppDelegate.m; sourceTree = "<group>"; };
		1788D5351BAEF569007A716A /* ViewController.h */ = {isa = PBXFileReference; lastKnownFileType = sourcecode.c.h; path = ViewController.h; sourceTree = "<group>"; };
		1788D5361BAEF569007A716A /* ViewController.m */ = {isa = PBXFileReference; lastKnownFileType = sourcecode.c.objc; path = ViewController.m; sourceTree = "<group>"; };
		1788D5391BAEF569007A716A /* Base */ = {isa = PBXFileReference; lastKnownFileType = file.storyboard; name = Base; path = Base.lproj/Main.storyboard; sourceTree = "<group>"; };
		1788D53B1BAEF569007A716A /* Images.xcassets */ = {isa = PBXFileReference; lastKnownFileType = folder.assetcatalog; path = Images.xcassets; sourceTree = "<group>"; };
		1788D53E1BAEF569007A716A /* Base */ = {isa = PBXFileReference; lastKnownFileType = file.xib; name = Base; path = Base.lproj/LaunchScreen.xib; sourceTree = "<group>"; };
		1788D5441BAEF569007A716A /* ColorModelTests.xctest */ = {isa = PBXFileReference; explicitFileType = wrapper.cfbundle; includeInIndex = 0; path = ColorModelTests.xctest; sourceTree = BUILT_PRODUCTS_DIR; };
		1788D5491BAEF569007A716A /* Info.plist */ = {isa = PBXFileReference; lastKnownFileType = text.plist.xml; path = Info.plist; sourceTree = "<group>"; };
		1788D54A1BAEF569007A716A /* ColorModelTests.m */ = {isa = PBXFileReference; lastKnownFileType = sourcecode.c.objc; path = ColorModelTests.m; sourceTree = "<group>"; };
		1788D5541BAEF5D8007A716A /* Color.h */ = {isa = PBXFileReference; fileEncoding = 4; lastKnownFileType = sourcecode.c.h; path = Color.h; sourceTree = "<group>"; };
		1788D5551BAEF5D8007A716A /* Color.m */ = {isa = PBXFileReference; fileEncoding = 4; lastKnownFileType = sourcecode.c.objc; path = Color.m; sourceTree = "<group>"; };
		1788D5571BAF34AE007A716A /* ColorView.h */ = {isa = PBXFileReference; fileEncoding = 4; lastKnownFileType = sourcecode.c.h; path = ColorView.h; sourceTree = "<group>"; };
		1788D5581BAF34AE007A716A /* ColorView.m */ = {isa = PBXFileReference; fileEncoding = 4; lastKnownFileType = sourcecode.c.objc; path = ColorView.m; sourceTree = "<group>"; };
/* End PBXFileReference section */

/* Begin PBXFrameworksBuildPhase section */
		1788D5281BAEF569007A716A /* Frameworks */ = {
			isa = PBXFrameworksBuildPhase;
			buildActionMask = 2147483647;
			files = (
			);
			runOnlyForDeploymentPostprocessing = 0;
		};
		1788D5411BAEF569007A716A /* Frameworks */ = {
			isa = PBXFrameworksBuildPhase;
			buildActionMask = 2147483647;
			files = (
			);
			runOnlyForDeploymentPostprocessing = 0;
		};
/* End PBXFrameworksBuildPhase section */

/* Begin PBXGroup section */
		1788D5221BAEF569007A716A = {
			isa = PBXGroup;
			children = (
				1788D52D1BAEF569007A716A /* ColorModel */,
				1788D5471BAEF569007A716A /* ColorModelTests */,
				1788D52C1BAEF569007A716A /* Products */,
			);
			sourceTree = "<group>";
		};
		1788D52C1BAEF569007A716A /* Products */ = {
			isa = PBXGroup;
			children = (
				1788D52B1BAEF569007A716A /* ColorModel.app */,
				1788D5441BAEF569007A716A /* ColorModelTests.xctest */,
			);
			name = Products;
			sourceTree = "<group>";
		};
		1788D52D1BAEF569007A716A /* ColorModel */ = {
			isa = PBXGroup;
			children = (
				1788D5321BAEF569007A716A /* AppDelegate.h */,
				1788D5331BAEF569007A716A /* AppDelegate.m */,
				1788D5351BAEF569007A716A /* ViewController.h */,
				1788D5361BAEF569007A716A /* ViewController.m */,
				1788D5381BAEF569007A716A /* Main.storyboard */,
				1788D53B1BAEF569007A716A /* Images.xcassets */,
				1788D53D1BAEF569007A716A /* LaunchScreen.xib */,
				1788D52E1BAEF569007A716A /* Supporting Files */,
				1788D5541BAEF5D8007A716A /* Color.h */,
				1788D5551BAEF5D8007A716A /* Color.m */,
				1788D5571BAF34AE007A716A /* ColorView.h */,
				1788D5581BAF34AE007A716A /* ColorView.m */,
			);
			path = ColorModel;
			sourceTree = "<group>";
		};
		1788D52E1BAEF569007A716A /* Supporting Files */ = {
			isa = PBXGroup;
			children = (
				1788D52F1BAEF569007A716A /* Info.plist */,
				1788D5301BAEF569007A716A /* main.m */,
			);
			name = "Supporting Files";
			sourceTree = "<group>";
		};
		1788D5471BAEF569007A716A /* ColorModelTests */ = {
			isa = PBXGroup;
			children = (
				1788D54A1BAEF569007A716A /* ColorModelTests.m */,
				1788D5481BAEF569007A716A /* Supporting Files */,
			);
			path = ColorModelTests;
			sourceTree = "<group>";
		};
		1788D5481BAEF569007A716A /* Supporting Files */ = {
			isa = PBXGroup;
			children = (
				1788D5491BAEF569007A716A /* Info.plist */,
			);
			name = "Supporting Files";
			sourceTree = "<group>";
		};
/* End PBXGroup section */

/* Begin PBXNativeTarget section */
		1788D52A1BAEF569007A716A /* ColorModel */ = {
			isa = PBXNativeTarget;
			buildConfigurationList = 1788D54E1BAEF569007A716A /* Build configuration list for PBXNativeTarget "ColorModel" */;
			buildPhases = (
				1788D5271BAEF569007A716A /* Sources */,
				1788D5281BAEF569007A716A /* Frameworks */,
				1788D5291BAEF569007A716A /* Resources */,
			);
			buildRules = (
			);
			dependencies = (
			);
			name = ColorModel;
			productName = ColorModel;
			productReference = 1788D52B1BAEF569007A716A /* ColorModel.app */;
			productType = "com.apple.product-type.application";
		};
		1788D5431BAEF569007A716A /* ColorModelTests */ = {
			isa = PBXNativeTarget;
			buildConfigurationList = 1788D5511BAEF569007A716A /* Build configuration list for PBXNativeTarget "ColorModelTests" */;
			buildPhases = (
				1788D5401BAEF569007A716A /* Sources */,
				1788D5411BAEF569007A716A /* Frameworks */,
				1788D5421BAEF569007A716A /* Resources */,
			);
			buildRules = (
			);
			dependencies = (
				1788D5461BAEF569007A716A /* PBXTargetDependency */,
			);
			name = ColorModelTests;
			productName = ColorModelTests;
			productReference = 1788D5441BAEF569007A716A /* ColorModelTests.xctest */;
			productType = "com.apple.product-type.bundle.unit-test";
		};
/* End PBXNativeTarget section */

/* Begin PBXProject section */
		1788D5231BAEF569007A716A /* Project object */ = {
			isa = PBXProject;
			attributes = {
				LastUpgradeCheck = 0640;
				ORGANIZATIONNAME = "Alex Izotov";
				TargetAttributes = {
					1788D52A1BAEF569007A716A = {
						CreatedOnToolsVersion = 6.4;
					};
					1788D5431BAEF569007A716A = {
						CreatedOnToolsVersion = 6.4;
						TestTargetID = 1788D52A1BAEF569007A716A;
					};
				};
			};
			buildConfigurationList = 1788D5261BAEF569007A716A /* Build configuration list for PBXProject "ColorModel" */;
			compatibilityVersion = "Xcode 3.2";
			developmentRegion = English;
			hasScannedForEncodings = 0;
			knownRegions = (
				en,
				Base,
			);
			mainGroup = 1788D5221BAEF569007A716A;
			productRefGroup = 1788D52C1BAEF569007A716A /* Products */;
			projectDirPath = "";
			projectRoot = "";
			targets = (
				1788D52A1BAEF569007A716A /* ColorModel */,
				1788D5431BAEF569007A716A /* ColorModelTests */,
			);
		};
/* End PBXProject section */

/* Begin PBXResourcesBuildPhase section */
		1788D5291BAEF569007A716A /* Resources */ = {
			isa = PBXResourcesBuildPhase;
			buildActionMask = 2147483647;
			files = (
				1788D53A1BAEF569007A716A /* Main.storyboard in Resources */,
				1788D53F1BAEF569007A716A /* LaunchScreen.xib in Resources */,
				1788D53C1BAEF569007A716A /* Images.xcassets in Resources */,
			);
			runOnlyForDeploymentPostprocessing = 0;
		};
		1788D5421BAEF569007A716A /* Resources */ = {
			isa = PBXResourcesBuildPhase;
			buildActionMask = 2147483647;
			files = (
			);
			runOnlyForDeploymentPostprocessing = 0;
		};
/* End PBXResourcesBuildPhase section */

/* Begin PBXSourcesBuildPhase section */
		1788D5271BAEF569007A716A /* Sources */ = {
			isa = PBXSourcesBuildPhase;
			buildActionMask = 2147483647;
			files = (
				1788D5591BAF34AE007A716A /* ColorView.m in Sources */,
				1788D5371BAEF569007A716A /* ViewController.m in Sources */,
				1788D5561BAEF5D8007A716A /* Color.m in Sources */,
				1788D5341BAEF569007A716A /* AppDelegate.m in Sources */,
				1788D5311BAEF569007A716A /* main.m in Sources */,
			);
			runOnlyForDeploymentPostprocessing = 0;
		};
		1788D5401BAEF569007A716A /* Sources */ = {
			isa = PBXSourcesBuildPhase;
			buildActionMask = 2147483647;
			files = (
				1788D54B1BAEF569007A716A /* ColorModelTests.m in Sources */,
			);
			runOnlyForDeploymentPostprocessing = 0;
		};
/* End PBXSourcesBuildPhase section */

/* Begin PBXTargetDependency section */
		1788D5461BAEF569007A716A /* PBXTargetDependency */ = {
			isa = PBXTargetDependency;
			target = 1788D52A1BAEF569007A716A /* ColorModel */;
			targetProxy = 1788D5451BAEF569007A716A /* PBXContainerItemProxy */;
		};
/* End PBXTargetDependency section */

/* Begin PBXVariantGroup section */
		1788D5381BAEF569007A716A /* Main.storyboard */ = {
			isa = PBXVariantGroup;
			children = (
				1788D5391BAEF569007A716A /* Base */,
			);
			name = Main.storyboard;
			sourceTree = "<group>";
		};
		1788D53D1BAEF569007A716A /* LaunchScreen.xib */ = {
			isa = PBXVariantGroup;
			children = (
				1788D53E1BAEF569007A716A /* Base */,
			);
			name = LaunchScreen.xib;
			sourceTree = "<group>";
		};
/* End PBXVariantGroup section */

/* Begin XCBuildConfiguration section */
		1788D54C1BAEF569007A716A /* Debug */ = {
			isa = XCBuildConfiguration;
			buildSettings = {
				ALWAYS_SEARCH_USER_PATHS = NO;
				CLANG_CXX_LANGUAGE_STANDARD = "gnu++0x";
				CLANG_CXX_LIBRARY = "libc++";
				CLANG_ENABLE_MODULES = YES;
				CLANG_ENABLE_OBJC_ARC = YES;
				CLANG_WARN_BOOL_CONVERSION = YES;
				CLANG_WARN_CONSTANT_CONVERSION = YES;
				CLANG_WARN_DIRECT_OBJC_ISA_USAGE = YES_ERROR;
				CLANG_WARN_EMPTY_BODY = YES;
				CLANG_WARN_ENUM_CONVERSION = YES;
				CLANG_WARN_INT_CONVERSION = YES;
				CLANG_WARN_OBJC_ROOT_CLASS = YES_ERROR;
				CLANG_WARN_UNREACHABLE_CODE = YES;
				CLANG_WARN__DUPLICATE_METHOD_MATCH = YES;
				"CODE_SIGN_IDENTITY[sdk=iphoneos*]" = "iPhone Developer";
				COPY_PHASE_STRIP = NO;
				DEBUG_INFORMATION_FORMAT = "dwarf-with-dsym";
				ENABLE_STRICT_OBJC_MSGSEND = YES;
				GCC_C_LANGUAGE_STANDARD = gnu99;
				GCC_DYNAMIC_NO_PIC = NO;
				GCC_NO_COMMON_BLOCKS = YES;
				GCC_OPTIMIZATION_LEVEL = 0;
				GCC_PREPROCESSOR_DEFINITIONS = (
					"DEBUG=1",
					"$(inherited)",
				);
				GCC_SYMBOLS_PRIVATE_EXTERN = NO;
				GCC_WARN_64_TO_32_BIT_CONVERSION = YES;
				GCC_WARN_ABOUT_RETURN_TYPE = YES_ERROR;
				GCC_WARN_UNDECLARED_SELECTOR = YES;
				GCC_WARN_UNINITIALIZED_AUTOS = YES_AGGRESSIVE;
				GCC_WARN_UNUSED_FUNCTION = YES;
				GCC_WARN_UNUSED_VARIABLE = YES;
				IPHONEOS_DEPLOYMENT_TARGET = 8.4;
				MTL_ENABLE_DEBUG_INFO = YES;
				ONLY_ACTIVE_ARCH = YES;
				SDKROOT = iphoneos;
			};
			name = Debug;
		};
		1788D54D1BAEF569007A716A /* Release */ = {
			isa = XCBuildConfiguration;
			buildSettings = {
				ALWAYS_SEARCH_USER_PATHS = NO;
				CLANG_CXX_LANGUAGE_STANDARD = "gnu++0x";
				CLANG_CXX_LIBRARY = "libc++";
				CLANG_ENABLE_MODULES = YES;
				CLANG_ENABLE_OBJC_ARC = YES;
				CLANG_WARN_BOOL_CONVERSION = YES;
				CLANG_WARN_CONSTANT_CONVERSION = YES;
				CLANG_WARN_DIRECT_OBJC_ISA_USAGE = YES_ERROR;
				CLANG_WARN_EMPTY_BODY = YES;
				CLANG_WARN_ENUM_CONVERSION = YES;
				CLANG_WARN_INT_CONVERSION = YES;
				CLANG_WARN_OBJC_ROOT_CLASS = YES_ERROR;
				CLANG_WARN_UNREACHABLE_CODE = YES;
				CLANG_WARN__DUPLICATE_METHOD_MATCH = YES;
				"CODE_SIGN_IDENTITY[sdk=iphoneos*]" = "iPhone Developer";
				COPY_PHASE_STRIP = NO;
				DEBUG_INFORMATION_FORMAT = "dwarf-with-dsym";
				ENABLE_NS_ASSERTIONS = NO;
				ENABLE_STRICT_OBJC_MSGSEND = YES;
				GCC_C_LANGUAGE_STANDARD = gnu99;
				GCC_NO_COMMON_BLOCKS = YES;
				GCC_WARN_64_TO_32_BIT_CONVERSION = YES;
				GCC_WARN_ABOUT_RETURN_TYPE = YES_ERROR;
				GCC_WARN_UNDECLARED_SELECTOR = YES;
				GCC_WARN_UNINITIALIZED_AUTOS = YES_AGGRESSIVE;
				GCC_WARN_UNUSED_FUNCTION = YES;
				GCC_WARN_UNUSED_VARIABLE = YES;
				IPHONEOS_DEPLOYMENT_TARGET = 8.4;
				MTL_ENABLE_DEBUG_INFO = NO;
				SDKROOT = iphoneos;
				VALIDATE_PRODUCT = YES;
			};
			name = Release;
		};
		1788D54F1BAEF569007A716A /* Debug */ = {
			isa = XCBuildConfiguration;
			buildSettings = {
				ASSETCATALOG_COMPILER_APPICON_NAME = AppIcon;
				INFOPLIST_FILE = ColorModel/Info.plist;
				LD_RUNPATH_SEARCH_PATHS = "$(inherited) @executable_path/Frameworks";
				PRODUCT_NAME = "$(TARGET_NAME)";
			};
			name = Debug;
		};
		1788D5501BAEF569007A716A /* Release */ = {
			isa = XCBuildConfiguration;
			buildSettings = {
				ASSETCATALOG_COMPILER_APPICON_NAME = AppIcon;
				INFOPLIST_FILE = ColorModel/Info.plist;
				LD_RUNPATH_SEARCH_PATHS = "$(inherited) @executable_path/Frameworks";
				PRODUCT_NAME = "$(TARGET_NAME)";
			};
			name = Release;
		};
		1788D5521BAEF569007A716A /* Debug */ = {
			isa = XCBuildConfiguration;
			buildSettings = {
				BUNDLE_LOADER = "$(TEST_HOST)";
				FRAMEWORK_SEARCH_PATHS = (
					"$(SDKROOT)/Developer/Library/Frameworks",
					"$(inherited)",
				);
				GCC_PREPROCESSOR_DEFINITIONS = (
					"DEBUG=1",
					"$(inherited)",
				);
				INFOPLIST_FILE = ColorModelTests/Info.plist;
				LD_RUNPATH_SEARCH_PATHS = "$(inherited) @executable_path/Frameworks @loader_path/Frameworks";
				PRODUCT_NAME = "$(TARGET_NAME)";
				TEST_HOST = "$(BUILT_PRODUCTS_DIR)/ColorModel.app/ColorModel";
			};
			name = Debug;
		};
		1788D5531BAEF569007A716A /* Release */ = {
			isa = XCBuildConfiguration;
			buildSettings = {
				BUNDLE_LOADER = "$(TEST_HOST)";
				FRAMEWORK_SEARCH_PATHS = (
					"$(SDKROOT)/Developer/Library/Frameworks",
					"$(inherited)",
				);
				INFOPLIST_FILE = ColorModelTests/Info.plist;
				LD_RUNPATH_SEARCH_PATHS = "$(inherited) @executable_path/Frameworks @loader_path/Frameworks";
				PRODUCT_NAME = "$(TARGET_NAME)";
				TEST_HOST = "$(BUILT_PRODUCTS_DIR)/ColorModel.app/ColorModel";
			};
			name = Release;
		};
/* End XCBuildConfiguration section */

/* Begin XCConfigurationList section */
		1788D5261BAEF569007A716A /* Build configuration list for PBXProject "ColorModel" */ = {
			isa = XCConfigurationList;
			buildConfigurations = (
				1788D54C1BAEF569007A716A /* Debug */,
				1788D54D1BAEF569007A716A /* Release */,
			);
			defaultConfigurationIsVisible = 0;
			defaultConfigurationName = Release;
		};
		1788D54E1BAEF569007A716A /* Build configuration list for PBXNativeTarget "ColorModel" */ = {
			isa = XCConfigurationList;
			buildConfigurations = (
				1788D54F1BAEF569007A716A /* Debug */,
				1788D5501BAEF569007A716A /* Release */,
			);
			defaultConfigurationIsVisible = 0;
		};
		1788D5511BAEF569007A716A /* Build configuration list for PBXNativeTarget "ColorModelTests" */ = {
			isa = XCConfigurationList;
			buildConfigurations = (
				1788D5521BAEF569007A716A /* Debug */,
				1788D5531BAEF569007A716A /* Release */,
			);
			defaultConfigurationIsVisible = 0;
		};
/* End XCConfigurationList section */
	};
	rootObject = 1788D5231BAEF569007A716A /* Project object */;
}
