// !$*UTF8*$!
{
	archiveVersion = 1;
	classes = {
	};
	objectVersion = 46;
	objects = {

/* Begin PBXBuildFile section */
		17A670511BA60A050024A062 /* main.m in Sources */ = {isa = PBXBuildFile; fileRef = 17A670501BA60A050024A062 /* main.m */; };
		17A670541BA60A050024A062 /* AppDelegate.m in Sources */ = {isa = PBXBuildFile; fileRef = 17A670531BA60A050024A062 /* AppDelegate.m */; };
		17A670571BA60A050024A062 /* ViewController.m in Sources */ = {isa = PBXBuildFile; fileRef = 17A670561BA60A050024A062 /* ViewController.m */; };
		17A6705A1BA60A050024A062 /* Main.storyboard in Resources */ = {isa = PBXBuildFile; fileRef = 17A670581BA60A050024A062 /* Main.storyboard */; };
		17A6705C1BA60A050024A062 /* Images.xcassets in Resources */ = {isa = PBXBuildFile; fileRef = 17A6705B1BA60A050024A062 /* Images.xcassets */; };
		17A6705F1BA60A050024A062 /* LaunchScreen.xib in Resources */ = {isa = PBXBuildFile; fileRef = 17A6705D1BA60A050024A062 /* LaunchScreen.xib */; };
		17A6706B1BA60A050024A062 /* TouchyTests.m in Sources */ = {isa = PBXBuildFile; fileRef = 17A6706A1BA60A050024A062 /* TouchyTests.m */; };
		17A670761BA60A440024A062 /* TouchyView.m in Sources */ = {isa = PBXBuildFile; fileRef = 17A670751BA60A440024A062 /* TouchyView.m */; };
/* End PBXBuildFile section */

/* Begin PBXContainerItemProxy section */
		17A670651BA60A050024A062 /* PBXContainerItemProxy */ = {
			isa = PBXContainerItemProxy;
			containerPortal = 17A670431BA60A040024A062 /* Project object */;
			proxyType = 1;
			remoteGlobalIDString = 17A6704A1BA60A040024A062;
			remoteInfo = Touchy;
		};
/* End PBXContainerItemProxy section */

/* Begin PBXFileReference section */
		17A6704B1BA60A040024A062 /* Touchy.app */ = {isa = PBXFileReference; explicitFileType = wrapper.application; includeInIndex = 0; path = Touchy.app; sourceTree = BUILT_PRODUCTS_DIR; };
		17A6704F1BA60A050024A062 /* Info.plist */ = {isa = PBXFileReference; lastKnownFileType = text.plist.xml; path = Info.plist; sourceTree = "<group>"; };
		17A670501BA60A050024A062 /* main.m */ = {isa = PBXFileReference; lastKnownFileType = sourcecode.c.objc; path = main.m; sourceTree = "<group>"; };
		17A670521BA60A050024A062 /* AppDelegate.h */ = {isa = PBXFileReference; lastKnownFileType = sourcecode.c.h; path = AppDelegate.h; sourceTree = "<group>"; };
		17A670531BA60A050024A062 /* AppDelegate.m */ = {isa = PBXFileReference; lastKnownFileType = sourcecode.c.objc; path = AppDelegate.m; sourceTree = "<group>"; };
		17A670551BA60A050024A062 /* ViewController.h */ = {isa = PBXFileReference; lastKnownFileType = sourcecode.c.h; path = ViewController.h; sourceTree = "<group>"; };
		17A670561BA60A050024A062 /* ViewController.m */ = {isa = PBXFileReference; lastKnownFileType = sourcecode.c.objc; path = ViewController.m; sourceTree = "<group>"; };
		17A670591BA60A050024A062 /* Base */ = {isa = PBXFileReference; lastKnownFileType = file.storyboard; name = Base; path = Base.lproj/Main.storyboard; sourceTree = "<group>"; };
		17A6705B1BA60A050024A062 /* Images.xcassets */ = {isa = PBXFileReference; lastKnownFileType = folder.assetcatalog; path = Images.xcassets; sourceTree = "<group>"; };
		17A6705E1BA60A050024A062 /* Base */ = {isa = PBXFileReference; lastKnownFileType = file.xib; name = Base; path = Base.lproj/LaunchScreen.xib; sourceTree = "<group>"; };
		17A670641BA60A050024A062 /* TouchyTests.xctest */ = {isa = PBXFileReference; explicitFileType = wrapper.cfbundle; includeInIndex = 0; path = TouchyTests.xctest; sourceTree = BUILT_PRODUCTS_DIR; };
		17A670691BA60A050024A062 /* Info.plist */ = {isa = PBXFileReference; lastKnownFileType = text.plist.xml; path = Info.plist; sourceTree = "<group>"; };
		17A6706A1BA60A050024A062 /* TouchyTests.m */ = {isa = PBXFileReference; lastKnownFileType = sourcecode.c.objc; path = TouchyTests.m; sourceTree = "<group>"; };
		17A670741BA60A440024A062 /* TouchyView.h */ = {isa = PBXFileReference; fileEncoding = 4; lastKnownFileType = sourcecode.c.h; path = TouchyView.h; sourceTree = "<group>"; };
		17A670751BA60A440024A062 /* TouchyView.m */ = {isa = PBXFileReference; fileEncoding = 4; lastKnownFileType = sourcecode.c.objc; path = TouchyView.m; sourceTree = "<group>"; };
/* End PBXFileReference section */

/* Begin PBXFrameworksBuildPhase section */
		17A670481BA60A040024A062 /* Frameworks */ = {
			isa = PBXFrameworksBuildPhase;
			buildActionMask = 2147483647;
			files = (
			);
			runOnlyForDeploymentPostprocessing = 0;
		};
		17A670611BA60A050024A062 /* Frameworks */ = {
			isa = PBXFrameworksBuildPhase;
			buildActionMask = 2147483647;
			files = (
			);
			runOnlyForDeploymentPostprocessing = 0;
		};
/* End PBXFrameworksBuildPhase section */

/* Begin PBXGroup section */
		17A670421BA60A040024A062 = {
			isa = PBXGroup;
			children = (
				17A6704D1BA60A040024A062 /* Touchy */,
				17A670671BA60A050024A062 /* TouchyTests */,
				17A6704C1BA60A040024A062 /* Products */,
			);
			sourceTree = "<group>";
		};
		17A6704C1BA60A040024A062 /* Products */ = {
			isa = PBXGroup;
			children = (
				17A6704B1BA60A040024A062 /* Touchy.app */,
				17A670641BA60A050024A062 /* TouchyTests.xctest */,
			);
			name = Products;
			sourceTree = "<group>";
		};
		17A6704D1BA60A040024A062 /* Touchy */ = {
			isa = PBXGroup;
			children = (
				17A670521BA60A050024A062 /* AppDelegate.h */,
				17A670531BA60A050024A062 /* AppDelegate.m */,
				17A670551BA60A050024A062 /* ViewController.h */,
				17A670561BA60A050024A062 /* ViewController.m */,
				17A670581BA60A050024A062 /* Main.storyboard */,
				17A6705B1BA60A050024A062 /* Images.xcassets */,
				17A6705D1BA60A050024A062 /* LaunchScreen.xib */,
				17A6704E1BA60A050024A062 /* Supporting Files */,
				17A670741BA60A440024A062 /* TouchyView.h */,
				17A670751BA60A440024A062 /* TouchyView.m */,
			);
			path = Touchy;
			sourceTree = "<group>";
		};
		17A6704E1BA60A050024A062 /* Supporting Files */ = {
			isa = PBXGroup;
			children = (
				17A6704F1BA60A050024A062 /* Info.plist */,
				17A670501BA60A050024A062 /* main.m */,
			);
			name = "Supporting Files";
			sourceTree = "<group>";
		};
		17A670671BA60A050024A062 /* TouchyTests */ = {
			isa = PBXGroup;
			children = (
				17A6706A1BA60A050024A062 /* TouchyTests.m */,
				17A670681BA60A050024A062 /* Supporting Files */,
			);
			path = TouchyTests;
			sourceTree = "<group>";
		};
		17A670681BA60A050024A062 /* Supporting Files */ = {
			isa = PBXGroup;
			children = (
				17A670691BA60A050024A062 /* Info.plist */,
			);
			name = "Supporting Files";
			sourceTree = "<group>";
		};
/* End PBXGroup section */

/* Begin PBXNativeTarget section */
		17A6704A1BA60A040024A062 /* Touchy */ = {
			isa = PBXNativeTarget;
			buildConfigurationList = 17A6706E1BA60A050024A062 /* Build configuration list for PBXNativeTarget "Touchy" */;
			buildPhases = (
				17A670471BA60A040024A062 /* Sources */,
				17A670481BA60A040024A062 /* Frameworks */,
				17A670491BA60A040024A062 /* Resources */,
			);
			buildRules = (
			);
			dependencies = (
			);
			name = Touchy;
			productName = Touchy;
			productReference = 17A6704B1BA60A040024A062 /* Touchy.app */;
			productType = "com.apple.product-type.application";
		};
		17A670631BA60A050024A062 /* TouchyTests */ = {
			isa = PBXNativeTarget;
			buildConfigurationList = 17A670711BA60A050024A062 /* Build configuration list for PBXNativeTarget "TouchyTests" */;
			buildPhases = (
				17A670601BA60A050024A062 /* Sources */,
				17A670611BA60A050024A062 /* Frameworks */,
				17A670621BA60A050024A062 /* Resources */,
			);
			buildRules = (
			);
			dependencies = (
				17A670661BA60A050024A062 /* PBXTargetDependency */,
			);
			name = TouchyTests;
			productName = TouchyTests;
			productReference = 17A670641BA60A050024A062 /* TouchyTests.xctest */;
			productType = "com.apple.product-type.bundle.unit-test";
		};
/* End PBXNativeTarget section */

/* Begin PBXProject section */
		17A670431BA60A040024A062 /* Project object */ = {
			isa = PBXProject;
			attributes = {
				LastUpgradeCheck = 0640;
				ORGANIZATIONNAME = "Alex Izotov";
				TargetAttributes = {
					17A6704A1BA60A040024A062 = {
						CreatedOnToolsVersion = 6.4;
					};
					17A670631BA60A050024A062 = {
						CreatedOnToolsVersion = 6.4;
						TestTargetID = 17A6704A1BA60A040024A062;
					};
				};
			};
			buildConfigurationList = 17A670461BA60A040024A062 /* Build configuration list for PBXProject "Touchy" */;
			compatibilityVersion = "Xcode 3.2";
			developmentRegion = English;
			hasScannedForEncodings = 0;
			knownRegions = (
				en,
				Base,
			);
			mainGroup = 17A670421BA60A040024A062;
			productRefGroup = 17A6704C1BA60A040024A062 /* Products */;
			projectDirPath = "";
			projectRoot = "";
			targets = (
				17A6704A1BA60A040024A062 /* Touchy */,
				17A670631BA60A050024A062 /* TouchyTests */,
			);
		};
/* End PBXProject section */

/* Begin PBXResourcesBuildPhase section */
		17A670491BA60A040024A062 /* Resources */ = {
			isa = PBXResourcesBuildPhase;
			buildActionMask = 2147483647;
			files = (
				17A6705A1BA60A050024A062 /* Main.storyboard in Resources */,
				17A6705F1BA60A050024A062 /* LaunchScreen.xib in Resources */,
				17A6705C1BA60A050024A062 /* Images.xcassets in Resources */,
			);
			runOnlyForDeploymentPostprocessing = 0;
		};
		17A670621BA60A050024A062 /* Resources */ = {
			isa = PBXResourcesBuildPhase;
			buildActionMask = 2147483647;
			files = (
			);
			runOnlyForDeploymentPostprocessing = 0;
		};
/* End PBXResourcesBuildPhase section */

/* Begin PBXSourcesBuildPhase section */
		17A670471BA60A040024A062 /* Sources */ = {
			isa = PBXSourcesBuildPhase;
			buildActionMask = 2147483647;
			files = (
				17A670571BA60A050024A062 /* ViewController.m in Sources */,
				17A670541BA60A050024A062 /* AppDelegate.m in Sources */,
				17A670761BA60A440024A062 /* TouchyView.m in Sources */,
				17A670511BA60A050024A062 /* main.m in Sources */,
			);
			runOnlyForDeploymentPostprocessing = 0;
		};
		17A670601BA60A050024A062 /* Sources */ = {
			isa = PBXSourcesBuildPhase;
			buildActionMask = 2147483647;
			files = (
				17A6706B1BA60A050024A062 /* TouchyTests.m in Sources */,
			);
			runOnlyForDeploymentPostprocessing = 0;
		};
/* End PBXSourcesBuildPhase section */

/* Begin PBXTargetDependency section */
		17A670661BA60A050024A062 /* PBXTargetDependency */ = {
			isa = PBXTargetDependency;
			target = 17A6704A1BA60A040024A062 /* Touchy */;
			targetProxy = 17A670651BA60A050024A062 /* PBXContainerItemProxy */;
		};
/* End PBXTargetDependency section */

/* Begin PBXVariantGroup section */
		17A670581BA60A050024A062 /* Main.storyboard */ = {
			isa = PBXVariantGroup;
			children = (
				17A670591BA60A050024A062 /* Base */,
			);
			name = Main.storyboard;
			sourceTree = "<group>";
		};
		17A6705D1BA60A050024A062 /* LaunchScreen.xib */ = {
			isa = PBXVariantGroup;
			children = (
				17A6705E1BA60A050024A062 /* Base */,
			);
			name = LaunchScreen.xib;
			sourceTree = "<group>";
		};
/* End PBXVariantGroup section */

/* Begin XCBuildConfiguration section */
		17A6706C1BA60A050024A062 /* Debug */ = {
			isa = XCBuildConfiguration;
			buildSettings = {
				ALWAYS_SEARCH_USER_PATHS = NO;
				CLANG_CXX_LANGUAGE_STANDARD = "gnu++0x";
				CLANG_CXX_LIBRARY = "libc++";
				CLANG_ENABLE_MODULES = YES;
				CLANG_ENABLE_OBJC_ARC = YES;
				CLANG_WARN_BOOL_CONVERSION = YES;
				CLANG_WARN_CONSTANT_CONVERSION = YES;
				CLANG_WARN_DIRECT_OBJC_ISA_USAGE = YES_ERROR;
				CLANG_WARN_EMPTY_BODY = YES;
				CLANG_WARN_ENUM_CONVERSION = YES;
				CLANG_WARN_INT_CONVERSION = YES;
				CLANG_WARN_OBJC_ROOT_CLASS = YES_ERROR;
				CLANG_WARN_UNREACHABLE_CODE = YES;
				CLANG_WARN__DUPLICATE_METHOD_MATCH = YES;
				"CODE_SIGN_IDENTITY[sdk=iphoneos*]" = "iPhone Developer";
				COPY_PHASE_STRIP = NO;
				DEBUG_INFORMATION_FORMAT = "dwarf-with-dsym";
				ENABLE_STRICT_OBJC_MSGSEND = YES;
				GCC_C_LANGUAGE_STANDARD = gnu99;
				GCC_DYNAMIC_NO_PIC = NO;
				GCC_NO_COMMON_BLOCKS = YES;
				GCC_OPTIMIZATION_LEVEL = 0;
				GCC_PREPROCESSOR_DEFINITIONS = (
					"DEBUG=1",
					"$(inherited)",
				);
				GCC_SYMBOLS_PRIVATE_EXTERN = NO;
				GCC_WARN_64_TO_32_BIT_CONVERSION = YES;
				GCC_WARN_ABOUT_RETURN_TYPE = YES_ERROR;
				GCC_WARN_UNDECLARED_SELECTOR = YES;
				GCC_WARN_UNINITIALIZED_AUTOS = YES_AGGRESSIVE;
				GCC_WARN_UNUSED_FUNCTION = YES;
				GCC_WARN_UNUSED_VARIABLE = YES;
				IPHONEOS_DEPLOYMENT_TARGET = 8.4;
				MTL_ENABLE_DEBUG_INFO = YES;
				ONLY_ACTIVE_ARCH = YES;
				SDKROOT = iphoneos;
				TARGETED_DEVICE_FAMILY = "1,2";
			};
			name = Debug;
		};
		17A6706D1BA60A050024A062 /* Release */ = {
			isa = XCBuildConfiguration;
			buildSettings = {
				ALWAYS_SEARCH_USER_PATHS = NO;
				CLANG_CXX_LANGUAGE_STANDARD = "gnu++0x";
				CLANG_CXX_LIBRARY = "libc++";
				CLANG_ENABLE_MODULES = YES;
				CLANG_ENABLE_OBJC_ARC = YES;
				CLANG_WARN_BOOL_CONVERSION = YES;
				CLANG_WARN_CONSTANT_CONVERSION = YES;
				CLANG_WARN_DIRECT_OBJC_ISA_USAGE = YES_ERROR;
				CLANG_WARN_EMPTY_BODY = YES;
				CLANG_WARN_ENUM_CONVERSION = YES;
				CLANG_WARN_INT_CONVERSION = YES;
				CLANG_WARN_OBJC_ROOT_CLASS = YES_ERROR;
				CLANG_WARN_UNREACHABLE_CODE = YES;
				CLANG_WARN__DUPLICATE_METHOD_MATCH = YES;
				"CODE_SIGN_IDENTITY[sdk=iphoneos*]" = "iPhone Developer";
				COPY_PHASE_STRIP = NO;
				DEBUG_INFORMATION_FORMAT = "dwarf-with-dsym";
				ENABLE_NS_ASSERTIONS = NO;
				ENABLE_STRICT_OBJC_MSGSEND = YES;
				GCC_C_LANGUAGE_STANDARD = gnu99;
				GCC_NO_COMMON_BLOCKS = YES;
				GCC_WARN_64_TO_32_BIT_CONVERSION = YES;
				GCC_WARN_ABOUT_RETURN_TYPE = YES_ERROR;
				GCC_WARN_UNDECLARED_SELECTOR = YES;
				GCC_WARN_UNINITIALIZED_AUTOS = YES_AGGRESSIVE;
				GCC_WARN_UNUSED_FUNCTION = YES;
				GCC_WARN_UNUSED_VARIABLE = YES;
				IPHONEOS_DEPLOYMENT_TARGET = 8.4;
				MTL_ENABLE_DEBUG_INFO = NO;
				SDKROOT = iphoneos;
				TARGETED_DEVICE_FAMILY = "1,2";
				VALIDATE_PRODUCT = YES;
			};
			name = Release;
		};
		17A6706F1BA60A050024A062 /* Debug */ = {
			isa = XCBuildConfiguration;
			buildSettings = {
				ASSETCATALOG_COMPILER_APPICON_NAME = AppIcon;
				INFOPLIST_FILE = Touchy/Info.plist;
				LD_RUNPATH_SEARCH_PATHS = "$(inherited) @executable_path/Frameworks";
				PRODUCT_NAME = "$(TARGET_NAME)";
			};
			name = Debug;
		};
		17A670701BA60A050024A062 /* Release */ = {
			isa = XCBuildConfiguration;
			buildSettings = {
				ASSETCATALOG_COMPILER_APPICON_NAME = AppIcon;
				INFOPLIST_FILE = Touchy/Info.plist;
				LD_RUNPATH_SEARCH_PATHS = "$(inherited) @executable_path/Frameworks";
				PRODUCT_NAME = "$(TARGET_NAME)";
			};
			name = Release;
		};
		17A670721BA60A050024A062 /* Debug */ = {
			isa = XCBuildConfiguration;
			buildSettings = {
				BUNDLE_LOADER = "$(TEST_HOST)";
				FRAMEWORK_SEARCH_PATHS = (
					"$(SDKROOT)/Developer/Library/Frameworks",
					"$(inherited)",
				);
				GCC_PREPROCESSOR_DEFINITIONS = (
					"DEBUG=1",
					"$(inherited)",
				);
				INFOPLIST_FILE = TouchyTests/Info.plist;
				LD_RUNPATH_SEARCH_PATHS = "$(inherited) @executable_path/Frameworks @loader_path/Frameworks";
				PRODUCT_NAME = "$(TARGET_NAME)";
				TEST_HOST = "$(BUILT_PRODUCTS_DIR)/Touchy.app/Touchy";
			};
			name = Debug;
		};
		17A670731BA60A050024A062 /* Release */ = {
			isa = XCBuildConfiguration;
			buildSettings = {
				BUNDLE_LOADER = "$(TEST_HOST)";
				FRAMEWORK_SEARCH_PATHS = (
					"$(SDKROOT)/Developer/Library/Frameworks",
					"$(inherited)",
				);
				INFOPLIST_FILE = TouchyTests/Info.plist;
				LD_RUNPATH_SEARCH_PATHS = "$(inherited) @executable_path/Frameworks @loader_path/Frameworks";
				PRODUCT_NAME = "$(TARGET_NAME)";
				TEST_HOST = "$(BUILT_PRODUCTS_DIR)/Touchy.app/Touchy";
			};
			name = Release;
		};
/* End XCBuildConfiguration section */

/* Begin XCConfigurationList section */
		17A670461BA60A040024A062 /* Build configuration list for PBXProject "Touchy" */ = {
			isa = XCConfigurationList;
			buildConfigurations = (
				17A6706C1BA60A050024A062 /* Debug */,
				17A6706D1BA60A050024A062 /* Release */,
			);
			defaultConfigurationIsVisible = 0;
			defaultConfigurationName = Release;
		};
		17A6706E1BA60A050024A062 /* Build configuration list for PBXNativeTarget "Touchy" */ = {
			isa = XCConfigurationList;
			buildConfigurations = (
				17A6706F1BA60A050024A062 /* Debug */,
				17A670701BA60A050024A062 /* Release */,
			);
			defaultConfigurationIsVisible = 0;
		};
		17A670711BA60A050024A062 /* Build configuration list for PBXNativeTarget "TouchyTests" */ = {
			isa = XCConfigurationList;
			buildConfigurations = (
				17A670721BA60A050024A062 /* Debug */,
				17A670731BA60A050024A062 /* Release */,
			);
			defaultConfigurationIsVisible = 0;
		};
/* End XCConfigurationList section */
	};
	rootObject = 17A670431BA60A040024A062 /* Project object */;
}
